// !$*UTF8*$!
{
	archiveVersion = 1;
	classes = {
	};
	objectVersion = 46;
	objects = {

/* Begin PBXBuildFile section */
		366EEDF31834700500FD65AC /* UIKit.framework in Frameworks */ = {isa = PBXBuildFile; fileRef = 366EEDF21834700500FD65AC /* UIKit.framework */; };
		366EEDF51834700500FD65AC /* Foundation.framework in Frameworks */ = {isa = PBXBuildFile; fileRef = 366EEDF41834700500FD65AC /* Foundation.framework */; };
		366EEDF71834700500FD65AC /* CoreGraphics.framework in Frameworks */ = {isa = PBXBuildFile; fileRef = 366EEDF61834700500FD65AC /* CoreGraphics.framework */; };
		366EEDFD1834700500FD65AC /* InfoPlist.strings in Resources */ = {isa = PBXBuildFile; fileRef = 366EEDFB1834700500FD65AC /* InfoPlist.strings */; };
		366EEDFF1834700500FD65AC /* main.m in Sources */ = {isa = PBXBuildFile; fileRef = 366EEDFE1834700500FD65AC /* main.m */; };
		366EEE031834700500FD65AC /* AppDelegate.m in Sources */ = {isa = PBXBuildFile; fileRef = 366EEE021834700500FD65AC /* AppDelegate.m */; };
		366EEE051834700500FD65AC /* Default.png in Resources */ = {isa = PBXBuildFile; fileRef = 366EEE041834700500FD65AC /* Default.png */; };
		366EEE071834700500FD65AC /* Default@2x.png in Resources */ = {isa = PBXBuildFile; fileRef = 366EEE061834700500FD65AC /* Default@2x.png */; };
		366EEE091834700500FD65AC /* Default-568h@2x.png in Resources */ = {isa = PBXBuildFile; fileRef = 366EEE081834700500FD65AC /* Default-568h@2x.png */; };
		366EEE0C1834700500FD65AC /* AdsViewController.m in Sources */ = {isa = PBXBuildFile; fileRef = 366EEE0B1834700500FD65AC /* AdsViewController.m */; };
		366EEE0F1834700500FD65AC /* AdsViewController.xib in Resources */ = {isa = PBXBuildFile; fileRef = 366EEE0D1834700500FD65AC /* AdsViewController.xib */; };
		366EEE1D1834708300FD65AC /* LoginViewController.m in Sources */ = {isa = PBXBuildFile; fileRef = 366EEE1B1834708300FD65AC /* LoginViewController.m */; };
		366EEE1E1834708300FD65AC /* LoginViewController.xib in Resources */ = {isa = PBXBuildFile; fileRef = 366EEE1C1834708300FD65AC /* LoginViewController.xib */; };
		366EEE3E183483A700FD65AC /* ads.png in Resources */ = {isa = PBXBuildFile; fileRef = 366EEE3D183483A700FD65AC /* ads.png */; };
		366EEE40183487DC00FD65AC /* AppotaSDK.framework in Frameworks */ = {isa = PBXBuildFile; fileRef = 366EEE3F183487DC00FD65AC /* AppotaSDK.framework */; };
		366EEE45183487E700FD65AC /* FacebookSDK.framework in Frameworks */ = {isa = PBXBuildFile; fileRef = 366EEE41183487E700FD65AC /* FacebookSDK.framework */; };
		366EEE46183487E700FD65AC /* GoogleOpenSource.framework in Frameworks */ = {isa = PBXBuildFile; fileRef = 366EEE42183487E700FD65AC /* GoogleOpenSource.framework */; };
		366EEE47183487E700FD65AC /* GooglePlus.bundle in Resources */ = {isa = PBXBuildFile; fileRef = 366EEE43183487E700FD65AC /* GooglePlus.bundle */; };
		366EEE48183487E700FD65AC /* GooglePlus.framework in Frameworks */ = {isa = PBXBuildFile; fileRef = 366EEE44183487E700FD65AC /* GooglePlus.framework */; };
		366EEE4A1834883800FD65AC /* CoreText.framework in Frameworks */ = {isa = PBXBuildFile; fileRef = 366EEE491834883700FD65AC /* CoreText.framework */; };
		366EEE4C1834884000FD65AC /* StoreKit.framework in Frameworks */ = {isa = PBXBuildFile; fileRef = 366EEE4B1834884000FD65AC /* StoreKit.framework */; };
		366EEE4E1834884800FD65AC /* AudioToolbox.framework in Frameworks */ = {isa = PBXBuildFile; fileRef = 366EEE4D1834884800FD65AC /* AudioToolbox.framework */; };
		366EEE501834884F00FD65AC /* MobileCoreServices.framework in Frameworks */ = {isa = PBXBuildFile; fileRef = 366EEE4F1834884F00FD65AC /* MobileCoreServices.framework */; };
		366EEE521834885300FD65AC /* AVFoundation.framework in Frameworks */ = {isa = PBXBuildFile; fileRef = 366EEE511834885300FD65AC /* AVFoundation.framework */; };
		366EEE541834885800FD65AC /* CoreVideo.framework in Frameworks */ = {isa = PBXBuildFile; fileRef = 366EEE531834885800FD65AC /* CoreVideo.framework */; };
		366EEE561834885E00FD65AC /* MessageUI.framework in Frameworks */ = {isa = PBXBuildFile; fileRef = 366EEE551834885E00FD65AC /* MessageUI.framework */; };
		366EEE581834886200FD65AC /* Security.framework in Frameworks */ = {isa = PBXBuildFile; fileRef = 366EEE571834886200FD65AC /* Security.framework */; };
		366EEE5A1834886700FD65AC /* SystemConfiguration.framework in Frameworks */ = {isa = PBXBuildFile; fileRef = 366EEE591834886700FD65AC /* SystemConfiguration.framework */; };
		366EEE5C1834886D00FD65AC /* CFNetwork.framework in Frameworks */ = {isa = PBXBuildFile; fileRef = 366EEE5B1834886D00FD65AC /* CFNetwork.framework */; };
		366EEE5E1834887300FD65AC /* OpenGLES.framework in Frameworks */ = {isa = PBXBuildFile; fileRef = 366EEE5D1834887300FD65AC /* OpenGLES.framework */; };
		366EEE601834887900FD65AC /* CoreMedia.framework in Frameworks */ = {isa = PBXBuildFile; fileRef = 366EEE5F1834887900FD65AC /* CoreMedia.framework */; };
		366EEE621834887F00FD65AC /* libxml2.dylib in Frameworks */ = {isa = PBXBuildFile; fileRef = 366EEE611834887F00FD65AC /* libxml2.dylib */; };
		366EEE641834888600FD65AC /* libsqlite3.dylib in Frameworks */ = {isa = PBXBuildFile; fileRef = 366EEE631834888600FD65AC /* libsqlite3.dylib */; };
		366EEE661834889000FD65AC /* AdSupport.framework in Frameworks */ = {isa = PBXBuildFile; fileRef = 366EEE651834889000FD65AC /* AdSupport.framework */; };
		366EEE681834889600FD65AC /* Social.framework in Frameworks */ = {isa = PBXBuildFile; fileRef = 366EEE671834889600FD65AC /* Social.framework */; };
		366EEE6A183488A000FD65AC /* Accounts.framework in Frameworks */ = {isa = PBXBuildFile; fileRef = 366EEE691834889F00FD65AC /* Accounts.framework */; };
		366EEE6C183488BE00FD65AC /* AssetsLibrary.framework in Frameworks */ = {isa = PBXBuildFile; fileRef = 366EEE6B183488BE00FD65AC /* AssetsLibrary.framework */; };
		366EEE6E183488C300FD65AC /* MediaPlayer.framework in Frameworks */ = {isa = PBXBuildFile; fileRef = 366EEE6D183488C300FD65AC /* MediaPlayer.framework */; };
		366EEE70183488ED00FD65AC /* QuartzCore.framework in Frameworks */ = {isa = PBXBuildFile; fileRef = 366EEE6F183488ED00FD65AC /* QuartzCore.framework */; };
		366EEE721834891700FD65AC /* CoreMotion.framework in Frameworks */ = {isa = PBXBuildFile; fileRef = 366EEE711834891700FD65AC /* CoreMotion.framework */; };
		366EEE741834891D00FD65AC /* CoreLocation.framework in Frameworks */ = {isa = PBXBuildFile; fileRef = 366EEE731834891D00FD65AC /* CoreLocation.framework */; };
		366EEE7618348A1000FD65AC /* AppotaBundle.bundle in Resources */ = {isa = PBXBuildFile; fileRef = 366EEE7518348A1000FD65AC /* AppotaBundle.bundle */; };
/* End PBXBuildFile section */

/* Begin PBXFileReference section */
		366EEDEF1834700500FD65AC /* AppotaSDKMultipleScreenTest.app */ = {isa = PBXFileReference; explicitFileType = wrapper.application; includeInIndex = 0; path = AppotaSDKMultipleScreenTest.app; sourceTree = BUILT_PRODUCTS_DIR; };
		366EEDF21834700500FD65AC /* UIKit.framework */ = {isa = PBXFileReference; lastKnownFileType = wrapper.framework; name = UIKit.framework; path = System/Library/Frameworks/UIKit.framework; sourceTree = SDKROOT; };
		366EEDF41834700500FD65AC /* Foundation.framework */ = {isa = PBXFileReference; lastKnownFileType = wrapper.framework; name = Foundation.framework; path = System/Library/Frameworks/Foundation.framework; sourceTree = SDKROOT; };
		366EEDF61834700500FD65AC /* CoreGraphics.framework */ = {isa = PBXFileReference; lastKnownFileType = wrapper.framework; name = CoreGraphics.framework; path = System/Library/Frameworks/CoreGraphics.framework; sourceTree = SDKROOT; };
		366EEDFA1834700500FD65AC /* AppotaSDKMultipleScreenTest-Info.plist */ = {isa = PBXFileReference; lastKnownFileType = text.plist.xml; path = "AppotaSDKMultipleScreenTest-Info.plist"; sourceTree = "<group>"; };
		366EEDFC1834700500FD65AC /* en */ = {isa = PBXFileReference; lastKnownFileType = text.plist.strings; name = en; path = en.lproj/InfoPlist.strings; sourceTree = "<group>"; };
		366EEDFE1834700500FD65AC /* main.m */ = {isa = PBXFileReference; lastKnownFileType = sourcecode.c.objc; path = main.m; sourceTree = "<group>"; };
		366EEE001834700500FD65AC /* AppotaSDKMultipleScreenTest-Prefix.pch */ = {isa = PBXFileReference; lastKnownFileType = sourcecode.c.h; path = "AppotaSDKMultipleScreenTest-Prefix.pch"; sourceTree = "<group>"; };
		366EEE011834700500FD65AC /* AppDelegate.h */ = {isa = PBXFileReference; lastKnownFileType = sourcecode.c.h; path = AppDelegate.h; sourceTree = "<group>"; };
		366EEE021834700500FD65AC /* AppDelegate.m */ = {isa = PBXFileReference; lastKnownFileType = sourcecode.c.objc; path = AppDelegate.m; sourceTree = "<group>"; };
		366EEE041834700500FD65AC /* Default.png */ = {isa = PBXFileReference; lastKnownFileType = image.png; path = Default.png; sourceTree = "<group>"; };
		366EEE061834700500FD65AC /* Default@2x.png */ = {isa = PBXFileReference; lastKnownFileType = image.png; path = "Default@2x.png"; sourceTree = "<group>"; };
		366EEE081834700500FD65AC /* Default-568h@2x.png */ = {isa = PBXFileReference; lastKnownFileType = image.png; path = "Default-568h@2x.png"; sourceTree = "<group>"; };
		366EEE0A1834700500FD65AC /* AdsViewController.h */ = {isa = PBXFileReference; lastKnownFileType = sourcecode.c.h; path = AdsViewController.h; sourceTree = "<group>"; };
		366EEE0B1834700500FD65AC /* AdsViewController.m */ = {isa = PBXFileReference; lastKnownFileType = sourcecode.c.objc; path = AdsViewController.m; sourceTree = "<group>"; };
		366EEE0E1834700500FD65AC /* en */ = {isa = PBXFileReference; lastKnownFileType = file.xib; name = en; path = en.lproj/AdsViewController.xib; sourceTree = "<group>"; };
		366EEE1A1834708300FD65AC /* LoginViewController.h */ = {isa = PBXFileReference; fileEncoding = 4; lastKnownFileType = sourcecode.c.h; path = LoginViewController.h; sourceTree = "<group>"; };
		366EEE1B1834708300FD65AC /* LoginViewController.m */ = {isa = PBXFileReference; fileEncoding = 4; lastKnownFileType = sourcecode.c.objc; path = LoginViewController.m; sourceTree = "<group>"; };
		366EEE1C1834708300FD65AC /* LoginViewController.xib */ = {isa = PBXFileReference; fileEncoding = 4; lastKnownFileType = file.xib; path = LoginViewController.xib; sourceTree = "<group>"; };
		366EEE3D183483A700FD65AC /* ads.png */ = {isa = PBXFileReference; lastKnownFileType = image.png; path = ads.png; sourceTree = "<group>"; };
		366EEE3F183487DC00FD65AC /* AppotaSDK.framework */ = {isa = PBXFileReference; lastKnownFileType = wrapper.framework; path = AppotaSDK.framework; sourceTree = "<group>"; };
		366EEE41183487E700FD65AC /* FacebookSDK.framework */ = {isa = PBXFileReference; lastKnownFileType = wrapper.framework; path = FacebookSDK.framework; sourceTree = "<group>"; };
		366EEE42183487E700FD65AC /* GoogleOpenSource.framework */ = {isa = PBXFileReference; lastKnownFileType = wrapper.framework; path = GoogleOpenSource.framework; sourceTree = "<group>"; };
		366EEE43183487E700FD65AC /* GooglePlus.bundle */ = {isa = PBXFileReference; lastKnownFileType = "wrapper.plug-in"; path = GooglePlus.bundle; sourceTree = "<group>"; };
		366EEE44183487E700FD65AC /* GooglePlus.framework */ = {isa = PBXFileReference; lastKnownFileType = wrapper.framework; path = GooglePlus.framework; sourceTree = "<group>"; };
		366EEE491834883700FD65AC /* CoreText.framework */ = {isa = PBXFileReference; lastKnownFileType = wrapper.framework; name = CoreText.framework; path = System/Library/Frameworks/CoreText.framework; sourceTree = SDKROOT; };
		366EEE4B1834884000FD65AC /* StoreKit.framework */ = {isa = PBXFileReference; lastKnownFileType = wrapper.framework; name = StoreKit.framework; path = System/Library/Frameworks/StoreKit.framework; sourceTree = SDKROOT; };
		366EEE4D1834884800FD65AC /* AudioToolbox.framework */ = {isa = PBXFileReference; lastKnownFileType = wrapper.framework; name = AudioToolbox.framework; path = System/Library/Frameworks/AudioToolbox.framework; sourceTree = SDKROOT; };
		366EEE4F1834884F00FD65AC /* MobileCoreServices.framework */ = {isa = PBXFileReference; lastKnownFileType = wrapper.framework; name = MobileCoreServices.framework; path = System/Library/Frameworks/MobileCoreServices.framework; sourceTree = SDKROOT; };
		366EEE511834885300FD65AC /* AVFoundation.framework */ = {isa = PBXFileReference; lastKnownFileType = wrapper.framework; name = AVFoundation.framework; path = System/Library/Frameworks/AVFoundation.framework; sourceTree = SDKROOT; };
		366EEE531834885800FD65AC /* CoreVideo.framework */ = {isa = PBXFileReference; lastKnownFileType = wrapper.framework; name = CoreVideo.framework; path = System/Library/Frameworks/CoreVideo.framework; sourceTree = SDKROOT; };
		366EEE551834885E00FD65AC /* MessageUI.framework */ = {isa = PBXFileReference; lastKnownFileType = wrapper.framework; name = MessageUI.framework; path = System/Library/Frameworks/MessageUI.framework; sourceTree = SDKROOT; };
		366EEE571834886200FD65AC /* Security.framework */ = {isa = PBXFileReference; lastKnownFileType = wrapper.framework; name = Security.framework; path = System/Library/Frameworks/Security.framework; sourceTree = SDKROOT; };
		366EEE591834886700FD65AC /* SystemConfiguration.framework */ = {isa = PBXFileReference; lastKnownFileType = wrapper.framework; name = SystemConfiguration.framework; path = System/Library/Frameworks/SystemConfiguration.framework; sourceTree = SDKROOT; };
		366EEE5B1834886D00FD65AC /* CFNetwork.framework */ = {isa = PBXFileReference; lastKnownFileType = wrapper.framework; name = CFNetwork.framework; path = System/Library/Frameworks/CFNetwork.framework; sourceTree = SDKROOT; };
		366EEE5D1834887300FD65AC /* OpenGLES.framework */ = {isa = PBXFileReference; lastKnownFileType = wrapper.framework; name = OpenGLES.framework; path = System/Library/Frameworks/OpenGLES.framework; sourceTree = SDKROOT; };
		366EEE5F1834887900FD65AC /* CoreMedia.framework */ = {isa = PBXFileReference; lastKnownFileType = wrapper.framework; name = CoreMedia.framework; path = System/Library/Frameworks/CoreMedia.framework; sourceTree = SDKROOT; };
		366EEE611834887F00FD65AC /* libxml2.dylib */ = {isa = PBXFileReference; lastKnownFileType = "compiled.mach-o.dylib"; name = libxml2.dylib; path = usr/lib/libxml2.dylib; sourceTree = SDKROOT; };
		366EEE631834888600FD65AC /* libsqlite3.dylib */ = {isa = PBXFileReference; lastKnownFileType = "compiled.mach-o.dylib"; name = libsqlite3.dylib; path = usr/lib/libsqlite3.dylib; sourceTree = SDKROOT; };
		366EEE651834889000FD65AC /* AdSupport.framework */ = {isa = PBXFileReference; lastKnownFileType = wrapper.framework; name = AdSupport.framework; path = System/Library/Frameworks/AdSupport.framework; sourceTree = SDKROOT; };
		366EEE671834889600FD65AC /* Social.framework */ = {isa = PBXFileReference; lastKnownFileType = wrapper.framework; name = Social.framework; path = System/Library/Frameworks/Social.framework; sourceTree = SDKROOT; };
		366EEE691834889F00FD65AC /* Accounts.framework */ = {isa = PBXFileReference; lastKnownFileType = wrapper.framework; name = Accounts.framework; path = System/Library/Frameworks/Accounts.framework; sourceTree = SDKROOT; };
		366EEE6B183488BE00FD65AC /* AssetsLibrary.framework */ = {isa = PBXFileReference; lastKnownFileType = wrapper.framework; name = AssetsLibrary.framework; path = System/Library/Frameworks/AssetsLibrary.framework; sourceTree = SDKROOT; };
		366EEE6D183488C300FD65AC /* MediaPlayer.framework */ = {isa = PBXFileReference; lastKnownFileType = wrapper.framework; name = MediaPlayer.framework; path = System/Library/Frameworks/MediaPlayer.framework; sourceTree = SDKROOT; };
		366EEE6F183488ED00FD65AC /* QuartzCore.framework */ = {isa = PBXFileReference; lastKnownFileType = wrapper.framework; name = QuartzCore.framework; path = System/Library/Frameworks/QuartzCore.framework; sourceTree = SDKROOT; };
		366EEE711834891700FD65AC /* CoreMotion.framework */ = {isa = PBXFileReference; lastKnownFileType = wrapper.framework; name = CoreMotion.framework; path = System/Library/Frameworks/CoreMotion.framework; sourceTree = SDKROOT; };
		366EEE731834891D00FD65AC /* CoreLocation.framework */ = {isa = PBXFileReference; lastKnownFileType = wrapper.framework; name = CoreLocation.framework; path = System/Library/Frameworks/CoreLocation.framework; sourceTree = SDKROOT; };
		366EEE7518348A1000FD65AC /* AppotaBundle.bundle */ = {isa = PBXFileReference; lastKnownFileType = "wrapper.plug-in"; path = AppotaBundle.bundle; sourceTree = "<group>"; };
/* End PBXFileReference section */

/* Begin PBXFrameworksBuildPhase section */
		366EEDEC1834700500FD65AC /* Frameworks */ = {
			isa = PBXFrameworksBuildPhase;
			buildActionMask = 2147483647;
			files = (
				366EEE741834891D00FD65AC /* CoreLocation.framework in Frameworks */,
				366EEE721834891700FD65AC /* CoreMotion.framework in Frameworks */,
				366EEE70183488ED00FD65AC /* QuartzCore.framework in Frameworks */,
				366EEE601834887900FD65AC /* CoreMedia.framework in Frameworks */,
				366EEE6E183488C300FD65AC /* MediaPlayer.framework in Frameworks */,
				366EEE6C183488BE00FD65AC /* AssetsLibrary.framework in Frameworks */,
				366EEE6A183488A000FD65AC /* Accounts.framework in Frameworks */,
				366EEE681834889600FD65AC /* Social.framework in Frameworks */,
				366EEE661834889000FD65AC /* AdSupport.framework in Frameworks */,
				366EEE641834888600FD65AC /* libsqlite3.dylib in Frameworks */,
				366EEE621834887F00FD65AC /* libxml2.dylib in Frameworks */,
				366EEE5E1834887300FD65AC /* OpenGLES.framework in Frameworks */,
				366EEE5C1834886D00FD65AC /* CFNetwork.framework in Frameworks */,
				366EEE5A1834886700FD65AC /* SystemConfiguration.framework in Frameworks */,
				366EEE581834886200FD65AC /* Security.framework in Frameworks */,
				366EEE561834885E00FD65AC /* MessageUI.framework in Frameworks */,
				366EEE541834885800FD65AC /* CoreVideo.framework in Frameworks */,
				366EEE521834885300FD65AC /* AVFoundation.framework in Frameworks */,
				366EEE501834884F00FD65AC /* MobileCoreServices.framework in Frameworks */,
				366EEE4E1834884800FD65AC /* AudioToolbox.framework in Frameworks */,
				366EEE4C1834884000FD65AC /* StoreKit.framework in Frameworks */,
				366EEE4A1834883800FD65AC /* CoreText.framework in Frameworks */,
				366EEDF31834700500FD65AC /* UIKit.framework in Frameworks */,
				366EEDF51834700500FD65AC /* Foundation.framework in Frameworks */,
				366EEDF71834700500FD65AC /* CoreGraphics.framework in Frameworks */,
				366EEE40183487DC00FD65AC /* AppotaSDK.framework in Frameworks */,
				366EEE45183487E700FD65AC /* FacebookSDK.framework in Frameworks */,
				366EEE46183487E700FD65AC /* GoogleOpenSource.framework in Frameworks */,
				366EEE48183487E700FD65AC /* GooglePlus.framework in Frameworks */,
			);
			runOnlyForDeploymentPostprocessing = 0;
		};
/* End PBXFrameworksBuildPhase section */

/* Begin PBXGroup section */
		366EEDE61834700500FD65AC = {
			isa = PBXGroup;
			children = (
				366EEE731834891D00FD65AC /* CoreLocation.framework */,
				366EEE711834891700FD65AC /* CoreMotion.framework */,
				366EEE6F183488ED00FD65AC /* QuartzCore.framework */,
				366EEE6D183488C300FD65AC /* MediaPlayer.framework */,
				366EEE6B183488BE00FD65AC /* AssetsLibrary.framework */,
				366EEE691834889F00FD65AC /* Accounts.framework */,
				366EEE671834889600FD65AC /* Social.framework */,
				366EEE651834889000FD65AC /* AdSupport.framework */,
				366EEE631834888600FD65AC /* libsqlite3.dylib */,
				366EEE611834887F00FD65AC /* libxml2.dylib */,
				366EEE5F1834887900FD65AC /* CoreMedia.framework */,
				366EEE5D1834887300FD65AC /* OpenGLES.framework */,
				366EEE5B1834886D00FD65AC /* CFNetwork.framework */,
				366EEE591834886700FD65AC /* SystemConfiguration.framework */,
				366EEE571834886200FD65AC /* Security.framework */,
				366EEE551834885E00FD65AC /* MessageUI.framework */,
				366EEE531834885800FD65AC /* CoreVideo.framework */,
				366EEE511834885300FD65AC /* AVFoundation.framework */,
				366EEE4F1834884F00FD65AC /* MobileCoreServices.framework */,
				366EEE4D1834884800FD65AC /* AudioToolbox.framework */,
				366EEE4B1834884000FD65AC /* StoreKit.framework */,
				366EEE491834883700FD65AC /* CoreText.framework */,
				366EEDF81834700500FD65AC /* AppotaSDKMultipleScreenTest */,
				366EEDF11834700500FD65AC /* Frameworks */,
				366EEDF01834700500FD65AC /* Products */,
			);
			sourceTree = "<group>";
		};
		366EEDF01834700500FD65AC /* Products */ = {
			isa = PBXGroup;
			children = (
				366EEDEF1834700500FD65AC /* AppotaSDKMultipleScreenTest.app */,
			);
			name = Products;
			sourceTree = "<group>";
		};
		366EEDF11834700500FD65AC /* Frameworks */ = {
			isa = PBXGroup;
			children = (
				366EEE41183487E700FD65AC /* FacebookSDK.framework */,
				366EEE42183487E700FD65AC /* GoogleOpenSource.framework */,
				366EEE43183487E700FD65AC /* GooglePlus.bundle */,
				366EEE44183487E700FD65AC /* GooglePlus.framework */,
				366EEE3F183487DC00FD65AC /* AppotaSDK.framework */,
				366EEDF21834700500FD65AC /* UIKit.framework */,
				366EEDF41834700500FD65AC /* Foundation.framework */,
				366EEDF61834700500FD65AC /* CoreGraphics.framework */,
			);
			name = Frameworks;
			sourceTree = "<group>";
		};
		366EEDF81834700500FD65AC /* AppotaSDKMultipleScreenTest */ = {
			isa = PBXGroup;
			children = (
				366EEE011834700500FD65AC /* AppDelegate.h */,
				366EEE021834700500FD65AC /* AppDelegate.m */,
				366EEE0A1834700500FD65AC /* AdsViewController.h */,
				366EEE0B1834700500FD65AC /* AdsViewController.m */,
				366EEE0D1834700500FD65AC /* AdsViewController.xib */,
				366EEDF91834700500FD65AC /* Supporting Files */,
				366EEE1A1834708300FD65AC /* LoginViewController.h */,
				366EEE1B1834708300FD65AC /* LoginViewController.m */,
				366EEE1C1834708300FD65AC /* LoginViewController.xib */,
			);
			path = AppotaSDKMultipleScreenTest;
			sourceTree = "<group>";
		};
		366EEDF91834700500FD65AC /* Supporting Files */ = {
			isa = PBXGroup;
			children = (
				366EEE7518348A1000FD65AC /* AppotaBundle.bundle */,
				366EEDFA1834700500FD65AC /* AppotaSDKMultipleScreenTest-Info.plist */,
				366EEE3D183483A700FD65AC /* ads.png */,
				366EEDFB1834700500FD65AC /* InfoPlist.strings */,
				366EEDFE1834700500FD65AC /* main.m */,
				366EEE001834700500FD65AC /* AppotaSDKMultipleScreenTest-Prefix.pch */,
				366EEE041834700500FD65AC /* Default.png */,
				366EEE061834700500FD65AC /* Default@2x.png */,
				366EEE081834700500FD65AC /* Default-568h@2x.png */,
			);
			name = "Supporting Files";
			sourceTree = "<group>";
		};
/* End PBXGroup section */

/* Begin PBXNativeTarget section */
		366EEDEE1834700500FD65AC /* AppotaSDKMultipleScreenTest */ = {
			isa = PBXNativeTarget;
			buildConfigurationList = 366EEE121834700500FD65AC /* Build configuration list for PBXNativeTarget "AppotaSDKMultipleScreenTest" */;
			buildPhases = (
				366EEDEB1834700500FD65AC /* Sources */,
				366EEDEC1834700500FD65AC /* Frameworks */,
				366EEDED1834700500FD65AC /* Resources */,
			);
			buildRules = (
			);
			dependencies = (
			);
			name = AppotaSDKMultipleScreenTest;
			productName = AppotaSDKMultipleScreenTest;
			productReference = 366EEDEF1834700500FD65AC /* AppotaSDKMultipleScreenTest.app */;
			productType = "com.apple.product-type.application";
		};
/* End PBXNativeTarget section */

/* Begin PBXProject section */
		366EEDE71834700500FD65AC /* Project object */ = {
			isa = PBXProject;
			attributes = {
				LastUpgradeCheck = 0460;
				ORGANIZATIONNAME = Appota;
			};
			buildConfigurationList = 366EEDEA1834700500FD65AC /* Build configuration list for PBXProject "AppotaSDKMultipleScreenTest" */;
			compatibilityVersion = "Xcode 3.2";
			developmentRegion = English;
			hasScannedForEncodings = 0;
			knownRegions = (
				en,
			);
			mainGroup = 366EEDE61834700500FD65AC;
			productRefGroup = 366EEDF01834700500FD65AC /* Products */;
			projectDirPath = "";
			projectRoot = "";
			targets = (
				366EEDEE1834700500FD65AC /* AppotaSDKMultipleScreenTest */,
			);
		};
/* End PBXProject section */

/* Begin PBXResourcesBuildPhase section */
		366EEDED1834700500FD65AC /* Resources */ = {
			isa = PBXResourcesBuildPhase;
			buildActionMask = 2147483647;
			files = (
				366EEDFD1834700500FD65AC /* InfoPlist.strings in Resources */,
				366EEE051834700500FD65AC /* Default.png in Resources */,
				366EEE071834700500FD65AC /* Default@2x.png in Resources */,
				366EEE091834700500FD65AC /* Default-568h@2x.png in Resources */,
				366EEE0F1834700500FD65AC /* AdsViewController.xib in Resources */,
				366EEE1E1834708300FD65AC /* LoginViewController.xib in Resources */,
				366EEE3E183483A700FD65AC /* ads.png in Resources */,
				366EEE47183487E700FD65AC /* GooglePlus.bundle in Resources */,
				366EEE7618348A1000FD65AC /* AppotaBundle.bundle in Resources */,
			);
			runOnlyForDeploymentPostprocessing = 0;
		};
/* End PBXResourcesBuildPhase section */

/* Begin PBXSourcesBuildPhase section */
		366EEDEB1834700500FD65AC /* Sources */ = {
			isa = PBXSourcesBuildPhase;
			buildActionMask = 2147483647;
			files = (
				366EEDFF1834700500FD65AC /* main.m in Sources */,
				366EEE031834700500FD65AC /* AppDelegate.m in Sources */,
				366EEE0C1834700500FD65AC /* AdsViewController.m in Sources */,
				366EEE1D1834708300FD65AC /* LoginViewController.m in Sources */,
			);
			runOnlyForDeploymentPostprocessing = 0;
		};
/* End PBXSourcesBuildPhase section */

/* Begin PBXVariantGroup section */
		366EEDFB1834700500FD65AC /* InfoPlist.strings */ = {
			isa = PBXVariantGroup;
			children = (
				366EEDFC1834700500FD65AC /* en */,
			);
			name = InfoPlist.strings;
			sourceTree = "<group>";
		};
		366EEE0D1834700500FD65AC /* AdsViewController.xib */ = {
			isa = PBXVariantGroup;
			children = (
				366EEE0E1834700500FD65AC /* en */,
			);
			name = AdsViewController.xib;
			sourceTree = "<group>";
		};
/* End PBXVariantGroup section */

/* Begin XCBuildConfiguration section */
		366EEE101834700500FD65AC /* Debug */ = {
			isa = XCBuildConfiguration;
			buildSettings = {
				ALWAYS_SEARCH_USER_PATHS = NO;
				CLANG_CXX_LANGUAGE_STANDARD = "gnu++0x";
				CLANG_CXX_LIBRARY = "libc++";
				CLANG_ENABLE_OBJC_ARC = YES;
				CLANG_WARN_CONSTANT_CONVERSION = YES;
				CLANG_WARN_EMPTY_BODY = YES;
				CLANG_WARN_ENUM_CONVERSION = YES;
				CLANG_WARN_INT_CONVERSION = YES;
				CLANG_WARN__DUPLICATE_METHOD_MATCH = YES;
				"CODE_SIGN_IDENTITY[sdk=iphoneos*]" = "iPhone Developer";
				COPY_PHASE_STRIP = NO;
				GCC_C_LANGUAGE_STANDARD = gnu99;
				GCC_DYNAMIC_NO_PIC = NO;
				GCC_OPTIMIZATION_LEVEL = 0;
				GCC_PREPROCESSOR_DEFINITIONS = (
					"DEBUG=1",
					"$(inherited)",
				);
				GCC_SYMBOLS_PRIVATE_EXTERN = NO;
				GCC_WARN_ABOUT_RETURN_TYPE = YES;
				GCC_WARN_UNINITIALIZED_AUTOS = YES;
				GCC_WARN_UNUSED_VARIABLE = YES;
				IPHONEOS_DEPLOYMENT_TARGET = 6.1;
				ONLY_ACTIVE_ARCH = YES;
				SDKROOT = iphoneos;
			};
			name = Debug;
		};
		366EEE111834700500FD65AC /* Release */ = {
			isa = XCBuildConfiguration;
			buildSettings = {
				ALWAYS_SEARCH_USER_PATHS = NO;
				CLANG_CXX_LANGUAGE_STANDARD = "gnu++0x";
				CLANG_CXX_LIBRARY = "libc++";
				CLANG_ENABLE_OBJC_ARC = YES;
				CLANG_WARN_CONSTANT_CONVERSION = YES;
				CLANG_WARN_EMPTY_BODY = YES;
				CLANG_WARN_ENUM_CONVERSION = YES;
				CLANG_WARN_INT_CONVERSION = YES;
				CLANG_WARN__DUPLICATE_METHOD_MATCH = YES;
				"CODE_SIGN_IDENTITY[sdk=iphoneos*]" = "iPhone Developer";
				COPY_PHASE_STRIP = YES;
				GCC_C_LANGUAGE_STANDARD = gnu99;
				GCC_WARN_ABOUT_RETURN_TYPE = YES;
				GCC_WARN_UNINITIALIZED_AUTOS = YES;
				GCC_WARN_UNUSED_VARIABLE = YES;
				IPHONEOS_DEPLOYMENT_TARGET = 6.1;
				OTHER_CFLAGS = "-DNS_BLOCK_ASSERTIONS=1";
				SDKROOT = iphoneos;
				VALIDATE_PRODUCT = YES;
			};
			name = Release;
		};
		366EEE131834700500FD65AC /* Debug */ = {
			isa = XCBuildConfiguration;
			buildSettings = {
				FRAMEWORK_SEARCH_PATHS = (
					"$(inherited)",
					"\"$(SRCROOT)\"",
				);
				GCC_PRECOMPILE_PREFIX_HEADER = YES;
				GCC_PREFIX_HEADER = "AppotaSDKMultipleScreenTest/AppotaSDKMultipleScreenTest-Prefix.pch";
				INFOPLIST_FILE = "AppotaSDKMultipleScreenTest/AppotaSDKMultipleScreenTest-Info.plist";
				OTHER_LDFLAGS = (
					"-lc++",
					"-all_load",
					"-ObjC",
				);
				PRODUCT_NAME = "$(TARGET_NAME)";
				WRAPPER_EXTENSION = app;
			};
			name = Debug;
		};
		366EEE141834700500FD65AC /* Release */ = {
			isa = XCBuildConfiguration;
			buildSettings = {
				FRAMEWORK_SEARCH_PATHS = (
					"$(inherited)",
					"\"$(SRCROOT)\"",
				);
				GCC_PRECOMPILE_PREFIX_HEADER = YES;
				GCC_PREFIX_HEADER = "AppotaSDKMultipleScreenTest/AppotaSDKMultipleScreenTest-Prefix.pch";
				INFOPLIST_FILE = "AppotaSDKMultipleScreenTest/AppotaSDKMultipleScreenTest-Info.plist";
				OTHER_LDFLAGS = (
					"-lc++",
					"-all_load",
					"-ObjC",
				);
				PRODUCT_NAME = "$(TARGET_NAME)";
				WRAPPER_EXTENSION = app;
			};
			name = Release;
		};
/* End XCBuildConfiguration section */

/* Begin XCConfigurationList section */
		366EEDEA1834700500FD65AC /* Build configuration list for PBXProject "AppotaSDKMultipleScreenTest" */ = {
			isa = XCConfigurationList;
			buildConfigurations = (
				366EEE101834700500FD65AC /* Debug */,
				366EEE111834700500FD65AC /* Release */,
			);
			defaultConfigurationIsVisible = 0;
			defaultConfigurationName = Release;
		};
		366EEE121834700500FD65AC /* Build configuration list for PBXNativeTarget "AppotaSDKMultipleScreenTest" */ = {
			isa = XCConfigurationList;
			buildConfigurations = (
				366EEE131834700500FD65AC /* Debug */,
				366EEE141834700500FD65AC /* Release */,
			);
			defaultConfigurationIsVisible = 0;
		};
/* End XCConfigurationList section */
	};
	rootObject = 366EEDE71834700500FD65AC /* Project object */;
}
